
Microsoft Visual Studio Solution File, Format Version 11.00
# Visual Studio 2010
Project("{FAE04EC0-301F-11D3-BF4B-00C04F79EFBC}") = "Gold Dork Parser", "Gold Dork Parser\Gold Dork Parser.csproj", "{3E24F420-FA22-47D6-AE62-D3FD9B823F13}"
EndProject
Global
	GlobalSection(SolutionConfigurationPlatforms) = preSolution
		Debug|Any CPU = Debug|Any CPU
		Release|Any CPU = Release|Any CPU
	EndGlobalSection
	GlobalSection(ProjectConfigurationPlatforms) = postSolution
		{3E24F420-FA22-47D6-AE62-D3FD9B823F13}.Debug|Any CPU.ActiveCfg = Debug|Any CPU
		{3E24F420-FA22-47D6-AE62-D3FD9B823F13}.Debug|Any CPU.Build.0 = Debug|Any CPU
		{3E24F420-FA22-47D6-AE62-D3FD9B823F13}.Release|Any CPU.ActiveCfg = Release|Any CPU
		{3E24F420-FA22-47D6-AE62-D3FD9B823F13}.Release|Any CPU.Build.0 = Release|Any CPU
	EndGlobalSection
	GlobalSection(SolutionProperties) = preSolution
		HideSolutionNode = FALSE
	EndGlobalSection
EndGlobal
